
Microsoft Visual Studio Solution File, Format Version 11.00
# Visual Studio 2010
Project("{FAE04EC0-301F-11D3-BF4B-00C04F79EFBC}") = "Assembly-CSharp", "Assembly-CSharp.csproj", "{89AB12FF-FA1A-5673-8119-ED7EFCD307ED}"
EndProject
Project("{FAE04EC0-301F-11D3-BF4B-00C04F79EFBC}") = "Assembly-CSharp-Editor", "Assembly-CSharp-Editor.csproj", "{3721F7A5-8686-CEAB-9D2E-48EADAE15C8B}"
EndProject
Global
	GlobalSection(SolutionConfigurationPlatforms) = preSolution
		Debug|Any CPU = Debug|Any CPU
		Release|Any CPU = Release|Any CPU
	EndGlobalSection
	GlobalSection(ProjectConfigurationPlatforms) = postSolution
		{89AB12FF-FA1A-5673-8119-ED7EFCD307ED}.Debug|Any CPU.ActiveCfg = Debug|Any CPU
		{89AB12FF-FA1A-5673-8119-ED7EFCD307ED}.Debug|Any CPU.Build.0 = Debug|Any CPU
		{89AB12FF-FA1A-5673-8119-ED7EFCD307ED}.Release|Any CPU.ActiveCfg = Release|Any CPU
		{89AB12FF-FA1A-5673-8119-ED7EFCD307ED}.Release|Any CPU.Build.0 = Release|Any CPU
		{3721F7A5-8686-CEAB-9D2E-48EADAE15C8B}.Debug|Any CPU.ActiveCfg = Debug|Any CPU
		{3721F7A5-8686-CEAB-9D2E-48EADAE15C8B}.Debug|Any CPU.Build.0 = Debug|Any CPU
		{3721F7A5-8686-CEAB-9D2E-48EADAE15C8B}.Release|Any CPU.ActiveCfg = Release|Any CPU
		{3721F7A5-8686-CEAB-9D2E-48EADAE15C8B}.Release|Any CPU.Build.0 = Release|Any CPU
	EndGlobalSection
	GlobalSection(SolutionProperties) = preSolution
		HideSolutionNode = FALSE
	EndGlobalSection
EndGlobal
